
Microsoft Visual Studio Solution File, Format Version 12.00
# Visual Studio Version 16
VisualStudioVersion = 16.0.31702.278
MinimumVisualStudioVersion = 10.0.40219.1
Project("{FAE04EC0-301F-11D3-BF4B-00C04F79EFBC}") = "ProgramStockDevelopByRPA", "ProgramStockDevelopByRPA\ProgramStockDevelopByRPA.csproj", "{EBD8C176-0AF7-4AFB-A889-97855F968667}"
EndProject
Project("{54435603-DBB4-11D2-8724-00A0C9A8B90C}") = "SetupStock", "SetupStock\SetupStock.vdproj", "{18AC2687-B316-4B34-9EA2-2DEE41ED7399}"
EndProject
Global
	GlobalSection(SolutionConfigurationPlatforms) = preSolution
		Debug|Any CPU = Debug|Any CPU
		Release|Any CPU = Release|Any CPU
	EndGlobalSection
	GlobalSection(ProjectConfigurationPlatforms) = postSolution
		{EBD8C176-0AF7-4AFB-A889-97855F968667}.Debug|Any CPU.ActiveCfg = Debug|Any CPU
		{EBD8C176-0AF7-4AFB-A889-97855F968667}.Debug|Any CPU.Build.0 = Debug|Any CPU
		{EBD8C176-0AF7-4AFB-A889-97855F968667}.Release|Any CPU.ActiveCfg = Release|Any CPU
		{EBD8C176-0AF7-4AFB-A889-97855F968667}.Release|Any CPU.Build.0 = Release|Any CPU
		{18AC2687-B316-4B34-9EA2-2DEE41ED7399}.Debug|Any CPU.ActiveCfg = Debug
		{18AC2687-B316-4B34-9EA2-2DEE41ED7399}.Release|Any CPU.ActiveCfg = Release
	EndGlobalSection
	GlobalSection(SolutionProperties) = preSolution
		HideSolutionNode = FALSE
	EndGlobalSection
	GlobalSection(ExtensibilityGlobals) = postSolution
		SolutionGuid = {FAB5903D-47A3-4326-B88C-CAAF6C3C55EF}
	EndGlobalSection
EndGlobal
